{
  "nodes": {
    "home-manager": {
      "inputs": {
        "nixpkgs": [
          "nixpkgs"
        ]
      },
      "locked": {
        "lastModified": 1783134515,
        "narHash": "sha256-qMoZazubXlXUD9k/syJ/aiWC4X4g73mwVmZ7Z4+rdpM=",
        "owner": "nix-community",
        "repo": "home-manager",
        "rev": "b885baad531fa3d3beae2ba9a0712d22974d8016",
        "type": "github"
      },
      "original": {
        "owner": "nix-community",
        "repo": "home-manager",
        "type": "github"
      }
    },
    "nixpkgs": {
      "locked": {
        "lastModified": 1782959384,
        "narHash": "sha256-l57y2CK9dTSChgb6Edg7kkXu5DA4rucVbNFoQHUBjmw=",
        "rev": "65179426c83bb3f6bc14898b42ea1c6f01d374b0",
        "type": "tarball",
        "url": "https://releases.nixos.org/nixos/unstable/nixos-26.11pre1026231.65179426c83b/nixexprs.tar.xz"
      },
      "original": {
        "id": "nixpkgs",
        "ref": "nixos-unstable",
        "type": "indirect"
      }
    },
    "nixpkgs_2": {
      "locked": {
        "lastModified": 1782467914,
        "narHash": "sha256-inDx/w70OSJoJPqtKh0BrzAsbZZhpya7YgS43jHnhwg=",
        "rev": "e73de5be04e0eff4190a1432b946d469c794e7b4",
        "type": "tarball",
        "url": "https://releases.nixos.org/nixos/unstable/nixos-26.11pre1022855.e73de5be04e0/nixexprs.tar.xz"
      },
      "original": {
        "type": "tarball",
        "url": "https://channels.nixos.org/nixos-unstable/nixexprs.tar.xz"
      }
    },
    "noctalia": {
      "inputs": {
        "nixpkgs": "nixpkgs_2"
      },
      "locked": {
        "lastModified": 1783164634,
        "narHash": "sha256-Wd3bi9JUHDz5rsGyxjgXq4ihu0q78D3DptEvo3OJVvM=",
        "owner": "noctalia-dev",
        "repo": "noctalia",
        "rev": "737aa65a9b95c422aedf1021868e054bfd1a8358",
        "type": "github"
      },
      "original": {
        "owner": "noctalia-dev",
        "repo": "noctalia",
        "type": "github"
      }
    },
    "root": {
      "inputs": {
        "home-manager": "home-manager",
        "nixpkgs": "nixpkgs",
        "noctalia": "noctalia",
        "waterfox-bin": "waterfox-bin"
      }
    },
    "waterfox-bin": {
      "inputs": {
        "nixpkgs": [
          "nixpkgs"
        ]
      },
      "locked": {
        "lastModified": 1781707834,
        "narHash": "sha256-1hk586E5BR5nigKonCjqT6aug7hNoccyTKpEE/iC+00=",
        "owner": "Hythera",
        "repo": "nix-waterfox",
        "rev": "6acef78eb0c903b5c6485bbd8adf4c0970c994dc",
        "type": "github"
      },
      "original": {
        "owner": "Hythera",
        "repo": "nix-waterfox",
        "type": "github"
      }
    }
  },
  "root": "root",
  "version": 7
}
