{
  "nodes": {
    "home-manager": {
      "inputs": {
        "nixpkgs": [
          "nixpkgs"
        ]
      },
      "locked": {
        "lastModified": 1786501082,
        "narHash": "sha256-ROC70hdloiAY74yodpAgT0sP1dmYk+vchjYsrfmhfiM=",
        "owner": "nix-community",
        "repo": "home-manager",
        "rev": "99e84ee7387ff24cd112ff51f71c3465eb9cb770",
        "type": "github"
      },
      "original": {
        "owner": "nix-community",
        "repo": "home-manager",
        "type": "github"
      }
    },
    "nixpkgs": {
      "locked": {
        "lastModified": 1786384358,
        "narHash": "sha256-OETwiymkMwunF+pfL25DzLMF2/YpMcJUjVd9qZ0YdsM=",
        "rev": "2fcb964de67fcf60b43471c55d5d99e61a9ccb5a",
        "type": "tarball",
        "url": "https://releases.nixos.org/nixos/unstable/nixos-26.11pre1051473.2fcb964de67f/nixexprs.tar.xz"
      },
      "original": {
        "id": "nixpkgs",
        "ref": "nixos-unstable",
        "type": "indirect"
      }
    },
    "nixpkgs_2": {
      "locked": {
        "lastModified": 1786106723,
        "narHash": "sha256-CgKDSHL6rqAAQkkvg1xaZDQXb77+4XW73iGcUMJ+2w0=",
        "rev": "f13ff45afd1bb73e640eaa08a7066dbed07e3238",
        "type": "tarball",
        "url": "https://releases.nixos.org/nixos/unstable/nixos-26.11pre1049422.f13ff45afd1b/nixexprs.tar.zst"
      },
      "original": {
        "type": "tarball",
        "url": "https://channels.nixos.org/nixos-unstable/nixexprs.tar.zst"
      }
    },
    "nixpkgs_3": {
      "locked": {
        "lastModified": 1786384358,
        "narHash": "sha256-RzPPiWeUtuvymnpuEWsdtzli5w4kjZs49FqEs3/1u+I=",
        "owner": "NixOS",
        "repo": "nixpkgs",
        "rev": "2fcb964de67fcf60b43471c55d5d99e61a9ccb5a",
        "type": "github"
      },
      "original": {
        "owner": "NixOS",
        "ref": "nixos-unstable",
        "repo": "nixpkgs",
        "type": "github"
      }
    },
    "noctalia": {
      "inputs": {
        "nixpkgs": "nixpkgs_2"
      },
      "locked": {
        "lastModified": 1786499996,
        "narHash": "sha256-OUYo5wttl2nyHeZ2U7VG+aCSFwvpej6ADn2d0YfylRA=",
        "owner": "noctalia-dev",
        "repo": "noctalia",
        "rev": "451c391cb0cdf3303f4f74473c4129c22dcd0e46",
        "type": "github"
      },
      "original": {
        "owner": "noctalia-dev",
        "repo": "noctalia",
        "type": "github"
      }
    },
    "repinek-pkgs": {
      "inputs": {
        "nixpkgs": "nixpkgs_3"
      },
      "locked": {
        "path": "./pkgs",
        "type": "path"
      },
      "original": {
        "path": "./pkgs",
        "type": "path"
      },
      "parent": []
    },
    "root": {
      "inputs": {
        "home-manager": "home-manager",
        "nixpkgs": "nixpkgs",
        "noctalia": "noctalia",
        "repinek-pkgs": "repinek-pkgs",
        "waterfox-bin": "waterfox-bin"
      }
    },
    "waterfox-bin": {
      "inputs": {
        "nixpkgs": [
          "nixpkgs"
        ]
      },
      "locked": {
        "lastModified": 1785937664,
        "narHash": "sha256-zfrYkBidIS6KSItHT6DTJPens3VrfUVyGtD3iSYFtZI=",
        "owner": "Hythera",
        "repo": "nix-waterfox",
        "rev": "fbdd3fe496d59d29247714ded4c4995cc541f8b1",
        "type": "github"
      },
      "original": {
        "owner": "Hythera",
        "repo": "nix-waterfox",
        "type": "github"
      }
    }
  },
  "root": "root",
  "version": 7
}
